{
  "version": 4,
  "terraform_version": "1.11.2",
  "serial": 13,
  "lineage": "70443729-d972-7373-ff61-f31609bf0bc1",
  "outputs": {
    "Ansible-Sandbox-PublicIP": {
      "value": "54.243.8.146",
      "type": "string"
    }
  },
  "resources": [
    {
      "mode": "data",
      "type": "aws_ssm_parameter",
      "name": "webserver-ami",
      "provider": "provider[\"registry.terraform.io/hashicorp/aws\"]",
      "instances": [
        {
          "schema_version": 0,
          "attributes": {
            "arn": "arn:aws:ssm:us-east-1::parameter/aws/service/ami-amazon-linux-latest/amzn2-ami-hvm-x86_64-gp2",
            "id": "/aws/service/ami-amazon-linux-latest/amzn2-ami-hvm-x86_64-gp2",
            "name": "/aws/service/ami-amazon-linux-latest/amzn2-ami-hvm-x86_64-gp2",
            "type": "String",
            "value": "ami-01f5a0b78d6089704",
            "version": 143,
            "with_decryption": true
          },
          "sensitive_attributes": [
            [
              {
                "type": "get_attr",
                "value": "value"
              }
            ]
          ]
        }
      ]
    },
    {
      "mode": "managed",
      "type": "aws_instance",
      "name": "example",
      "provider": "provider[\"registry.terraform.io/hashicorp/aws\"]",
      "instances": [
        {
          "schema_version": 1,
          "attributes": {
            "ami": "ami-01f5a0b78d6089704",
            "arn": "arn:aws:ec2:us-east-1:442426881343:instance/i-0f034e649d5e9153a",
            "associate_public_ip_address": true,
            "availability_zone": "us-east-1b",
            "capacity_reservation_specification": [
              {
                "capacity_reservation_preference": "open",
                "capacity_reservation_target": []
              }
            ],
            "cpu_core_count": 1,
            "cpu_options": [
              {
                "amd_sev_snp": "",
                "core_count": 1,
                "threads_per_core": 1
              }
            ],
            "cpu_threads_per_core": 1,
            "credit_specification": [
              {
                "cpu_credits": "standard"
              }
            ],
            "disable_api_stop": false,
            "disable_api_termination": false,
            "ebs_block_device": [],
            "ebs_optimized": false,
            "enclave_options": [
              {
                "enabled": false
              }
            ],
            "ephemeral_block_device": [],
            "get_password_data": false,
            "hibernation": false,
            "host_id": "",
            "host_resource_group_arn": null,
            "iam_instance_profile": "",
            "id": "i-0f034e649d5e9153a",
            "instance_initiated_shutdown_behavior": "stop",
            "instance_state": "running",
            "instance_type": "t2.micro",
            "ipv6_address_count": 0,
            "ipv6_addresses": [],
            "key_name": "ansible",
            "launch_template": [],
            "maintenance_options": [
              {
                "auto_recovery": "default"
              }
            ],
            "metadata_options": [
              {
                "http_endpoint": "enabled",
                "http_put_response_hop_limit": 1,
                "http_tokens": "optional",
                "instance_metadata_tags": "disabled"
              }
            ],
            "monitoring": false,
            "network_interface": [],
            "outpost_arn": "",
            "password_data": "",
            "placement_group": "",
            "placement_partition_number": 0,
            "primary_network_interface_id": "eni-05b1bbde5e57c470c",
            "private_dns": "ip-172-31-90-104.ec2.internal",
            "private_dns_name_options": [
              {
                "enable_resource_name_dns_a_record": false,
                "enable_resource_name_dns_aaaa_record": false,
                "hostname_type": "ip-name"
              }
            ],
            "private_ip": "172.31.90.104",
            "public_dns": "ec2-54-243-8-146.compute-1.amazonaws.com",
            "public_ip": "54.243.8.146",
            "root_block_device": [
              {
                "delete_on_termination": true,
                "device_name": "/dev/xvda",
                "encrypted": false,
                "iops": 100,
                "kms_key_id": "",
                "tags": {},
                "throughput": 0,
                "volume_id": "vol-0e320694976c81ada",
                "volume_size": 8,
                "volume_type": "gp2"
              }
            ],
            "secondary_private_ips": [],
            "security_groups": [
              "ansible-security-group"
            ],
            "source_dest_check": true,
            "subnet_id": "subnet-0bea132babd817b9f",
            "tags": {
              "Name": "ansible-sandbox"
            },
            "tags_all": {
              "Name": "ansible-sandbox"
            },
            "tenancy": "default",
            "timeouts": null,
            "user_data": "93360629205fca1483feb48d1461383180c08986",
            "user_data_base64": null,
            "user_data_replace_on_change": false,
            "volume_tags": null,
            "vpc_security_group_ids": [
              "sg-041a67f10ad6b6c7c"
            ]
          },
          "sensitive_attributes": [
            [
              {
                "type": "get_attr",
                "value": "ami"
              }
            ]
          ],
          "private": "eyJlMmJmYjczMC1lY2FhLTExZTYtOGY4OC0zNDM2M2JjN2M0YzAiOnsiY3JlYXRlIjo2MDAwMDAwMDAwMDAsImRlbGV0ZSI6MTIwMDAwMDAwMDAwMCwidXBkYXRlIjo2MDAwMDAwMDAwMDB9LCJzY2hlbWFfdmVyc2lvbiI6IjEifQ==",
          "dependencies": [
            "aws_key_pair.aws-key",
            "aws_security_group.instance",
            "data.aws_ssm_parameter.webserver-ami"
          ]
        }
      ]
    },
    {
      "mode": "managed",
      "type": "aws_key_pair",
      "name": "aws-key",
      "provider": "provider[\"registry.terraform.io/hashicorp/aws\"]",
      "instances": [
        {
          "schema_version": 1,
          "attributes": {
            "arn": "arn:aws:ec2:us-east-1:442426881343:key-pair/ansible",
            "fingerprint": "e0:d3:6f:b6:6c:5b:70:9d:d5:d3:76:d4:5c:2d:13:c7",
            "id": "ansible",
            "key_name": "ansible",
            "key_name_prefix": "",
            "key_pair_id": "key-0d1f16518c4c27589",
            "key_type": "rsa",
            "public_key": "ssh-rsa AAAAB3NzaC1yc2EAAAADAQABAAACAQCZwghNPgWMeOqEyYt7eP3l8fbWXDaWWcXRFpgMfH1zrITEk2FM571GvcOoc1FO8lIeCAlzBysls1xxGhM/GNkFLJioDFAqYifJa4HmV7aY/VgIKK5v1xGkCLiFrLut6CiQJkrtKliGu/V1LDBSw7/1SDb6Q1Ov9XM/bYAhIKSs652T5SR1k4RhnPeCYrnIGckIyfOE8Rok9e3HgsaCWI59YOcnhxC4vlj+abyljasz82Y2BcrSdhQyQZIeyD5zJKLBT4tNdvkWof7aj7X2Q2l8oGaXBMcDU8kzfPqBnS2mMJ34LR11QRWVpN17oihxeV3AbpVuWmXHg4GIInidJOQwDSqd9IRXaxSi0Rr8y4p+NMI8yzAH+SxUzAVfcZuxVEdSb9fZCPA8QUzt06KCbpma+8e4LhbNsRAcv7khIUFDVHyTv2Db0sZCyrPnviLSUrBqAafuYwoElsuwR/wFfCwFnZCmsZgMJl+307b/tBMLNeE4zacm+8IudXwdQYZ0au7gL4Ran9iJqNP7q5ChuAEh4FSzGxfyLBmioj141XAC7MixzlR98W6pDK1LL3mbceEHWDTDRcECoHc4Dkx3iv2WaUCjRVEdnDG60mU2GlKTLPpGmitB8zXKWNNluZbMDmgdPZOShqGQu4NgFVl43gbWVJpFfFJO9PjvQ7F+d2EwVQ== ravipatel9243@gmail.com",
            "tags": null,
            "tags_all": {}
          },
          "sensitive_attributes": [],
          "private": "eyJzY2hlbWFfdmVyc2lvbiI6IjEifQ=="
        }
      ]
    },
    {
      "mode": "managed",
      "type": "aws_security_group",
      "name": "instance",
      "provider": "provider[\"registry.terraform.io/hashicorp/aws\"]",
      "instances": [
        {
          "schema_version": 1,
          "attributes": {
            "arn": "arn:aws:ec2:us-east-1:442426881343:security-group/sg-041a67f10ad6b6c7c",
            "description": "Managed by Terraform",
            "egress": [
              {
                "cidr_blocks": [
                  "0.0.0.0/0"
                ],
                "description": "",
                "from_port": 0,
                "ipv6_cidr_blocks": [],
                "prefix_list_ids": [],
                "protocol": "-1",
                "security_groups": [],
                "self": false,
                "to_port": 0
              }
            ],
            "id": "sg-041a67f10ad6b6c7c",
            "ingress": [
              {
                "cidr_blocks": [
                  "0.0.0.0/0"
                ],
                "description": "Allow SSH traffic",
                "from_port": 22,
                "ipv6_cidr_blocks": [],
                "prefix_list_ids": [],
                "protocol": "tcp",
                "security_groups": [],
                "self": false,
                "to_port": 22
              },
              {
                "cidr_blocks": [
                  "0.0.0.0/0"
                ],
                "description": "Allow SSH traffic",
                "from_port": 80,
                "ipv6_cidr_blocks": [],
                "prefix_list_ids": [],
                "protocol": "tcp",
                "security_groups": [],
                "self": false,
                "to_port": 80
              }
            ],
            "name": "ansible-security-group",
            "name_prefix": "",
            "owner_id": "442426881343",
            "revoke_rules_on_delete": false,
            "tags": null,
            "tags_all": {},
            "timeouts": null,
            "vpc_id": "vpc-0a400c3053cb74bb5"
          },
          "sensitive_attributes": [],
          "private": "eyJlMmJmYjczMC1lY2FhLTExZTYtOGY4OC0zNDM2M2JjN2M0YzAiOnsiY3JlYXRlIjo2MDAwMDAwMDAwMDAsImRlbGV0ZSI6OTAwMDAwMDAwMDAwfSwic2NoZW1hX3ZlcnNpb24iOiIxIn0="
        }
      ]
    }
  ],
  "check_results": null
}
